// !$*UTF8*$!
{
	archiveVersion = 1;
	classes = {
	};
	objectVersion = 56;
	objects = {

/* Begin PBXBuildFile section */
		3D0302E228F893B200213D3E /* OnboardingView.swift in Sources */ = {isa = PBXBuildFile; fileRef = 3D0302E128F893B200213D3E /* OnboardingView.swift */; };
		3D14839E28DEF4870021C6FC /* trelloApp.swift in Sources */ = {isa = PBXBuildFile; fileRef = 3D14839D28DEF4870021C6FC /* trelloApp.swift */; };
		3D1483A028DEF4870021C6FC /* ContentView.swift in Sources */ = {isa = PBXBuildFile; fileRef = 3D14839F28DEF4870021C6FC /* ContentView.swift */; };
		3D1483A228DEF4890021C6FC /* Assets.xcassets in Resources */ = {isa = PBXBuildFile; fileRef = 3D1483A128DEF4890021C6FC /* Assets.xcassets */; };
		3D1483A528DEF4890021C6FC /* Preview Assets.xcassets in Resources */ = {isa = PBXBuildFile; fileRef = 3D1483A428DEF4890021C6FC /* Preview Assets.xcassets */; };
		3D1483B028DEF4890021C6FC /* trelloTests.swift in Sources */ = {isa = PBXBuildFile; fileRef = 3D1483AF28DEF4890021C6FC /* trelloTests.swift */; };
		3D1483BA28DEF48A0021C6FC /* trelloUITests.swift in Sources */ = {isa = PBXBuildFile; fileRef = 3D1483B928DEF48A0021C6FC /* trelloUITests.swift */; };
		3D1483BC28DEF48A0021C6FC /* trelloUITestsLaunchTests.swift in Sources */ = {isa = PBXBuildFile; fileRef = 3D1483BB28DEF48A0021C6FC /* trelloUITestsLaunchTests.swift */; };
		3D1483CB28DEF70E0021C6FC /* Card.swift in Sources */ = {isa = PBXBuildFile; fileRef = 3D1483CA28DEF70E0021C6FC /* Card.swift */; };
		3D1483CD28DEF7A20021C6FC /* List.swift in Sources */ = {isa = PBXBuildFile; fileRef = 3D1483CC28DEF7A20021C6FC /* List.swift */; };
		3D1483CF28DEF7D80021C6FC /* TrelloListView.swift in Sources */ = {isa = PBXBuildFile; fileRef = 3D1483CE28DEF7D80021C6FC /* TrelloListView.swift */; };
		3D15B19B28F3F6D9007B95A0 /* SidebarView.swift in Sources */ = {isa = PBXBuildFile; fileRef = 3D15B19A28F3F6D9007B95A0 /* SidebarView.swift */; };
		3D15B19D28F4005D007B95A0 /* ContextMenuDueDateView.swift in Sources */ = {isa = PBXBuildFile; fileRef = 3D15B19C28F4005D007B95A0 /* ContextMenuDueDateView.swift */; };
		3D15B1A228F42366007B95A0 /* AddCardView.swift in Sources */ = {isa = PBXBuildFile; fileRef = 3D15B1A128F42366007B95A0 /* AddCardView.swift */; };
		3D28FB5D2920EB6300B1348E /* CardDetailsMembersView.swift in Sources */ = {isa = PBXBuildFile; fileRef = 3D28FB5C2920EB6300B1348E /* CardDetailsMembersView.swift */; };
		3D2FC3E828FD7FDB00DF7B96 /* Checklist.swift in Sources */ = {isa = PBXBuildFile; fileRef = 3D2FC3E728FD7FDB00DF7B96 /* Checklist.swift */; };
		3D337EA928FB24EE0054DCB3 /* CheckForUpdatesView.swift in Sources */ = {isa = PBXBuildFile; fileRef = 3D337EA828FB24EE0054DCB3 /* CheckForUpdatesView.swift */; };
		3D42EB7F29228A9A00406DD7 /* SearchView.swift in Sources */ = {isa = PBXBuildFile; fileRef = 3D42EB7E29228A9A00406DD7 /* SearchView.swift */; };
		3D4632B928E078FC0063B4C4 /* TrelloApi.swift in Sources */ = {isa = PBXBuildFile; fileRef = 3D4632B828E078FC0063B4C4 /* TrelloApi.swift */; };
		3D4632BB28E079140063B4C4 /* Board.swift in Sources */ = {isa = PBXBuildFile; fileRef = 3D4632BA28E079140063B4C4 /* Board.swift */; };
		3D4632BD28E0C0760063B4C4 /* Label.swift in Sources */ = {isa = PBXBuildFile; fileRef = 3D4632BC28E0C0760063B4C4 /* Label.swift */; };
		3D4632BF28E0C21A0063B4C4 /* LabelView.swift in Sources */ = {isa = PBXBuildFile; fileRef = 3D4632BE28E0C21A0063B4C4 /* LabelView.swift */; };
		3D488BE6290D79E40091EDBA /* Sparkle in Frameworks */ = {isa = PBXBuildFile; productRef = 3D488BE5290D79E40091EDBA /* Sparkle */; };
		3D488BE8290D79E80091EDBA /* Sparkle in Frameworks */ = {isa = PBXBuildFile; productRef = 3D488BE7290D79E80091EDBA /* Sparkle */; };
		3D495DD428F8AA9A00B9D6AC /* ContextMenuCardColorView.swift in Sources */ = {isa = PBXBuildFile; fileRef = 3D495DD328F8AA9A00B9D6AC /* ContextMenuCardColorView.swift */; };
		3D495DD628F934B300B9D6AC /* CardColorView.swift in Sources */ = {isa = PBXBuildFile; fileRef = 3D495DD528F934B300B9D6AC /* CardColorView.swift */; };
		3D582332293682AE00B2B87E /* devEnv.swift in Sources */ = {isa = PBXBuildFile; fileRef = 3D582331293682AE00B2B87E /* devEnv.swift */; };
		3D678C7D2932C447002C7B7C /* ToolbarBoardVisualisationView.swift in Sources */ = {isa = PBXBuildFile; fileRef = 3D678C7C2932C447002C7B7C /* ToolbarBoardVisualisationView.swift */; };
		3D678C7F2932C734002C7B7C /* BoardTableView.swift in Sources */ = {isa = PBXBuildFile; fileRef = 3D678C7E2932C734002C7B7C /* BoardTableView.swift */; };
		3D7363F429115CEF0075684E /* TrelloListMenuView.swift in Sources */ = {isa = PBXBuildFile; fileRef = 3D7363F329115CEF0075684E /* TrelloListMenuView.swift */; };
		3D7A54BC291EFE60004A8B1F /* CardAttachmentsView.swift in Sources */ = {isa = PBXBuildFile; fileRef = 3D7A54BB291EFE60004A8B1F /* CardAttachmentsView.swift */; };
		3D7A54BE291EFE80004A8B1F /* Attachment.swift in Sources */ = {isa = PBXBuildFile; fileRef = 3D7A54BD291EFE80004A8B1F /* Attachment.swift */; };
		3D7A54C0291F00F6004A8B1F /* AttachmentImageView.swift in Sources */ = {isa = PBXBuildFile; fileRef = 3D7A54BF291F00F6004A8B1F /* AttachmentImageView.swift */; };
		3D7A54C2291F0305004A8B1F /* AttachmentView.swift in Sources */ = {isa = PBXBuildFile; fileRef = 3D7A54C1291F0305004A8B1F /* AttachmentView.swift */; };
		3D7D03A3290D41AD00C767C2 /* CardDueView.swift in Sources */ = {isa = PBXBuildFile; fileRef = 3D7D03A2290D41AD00C767C2 /* CardDueView.swift */; };
		3D7F6634292036A500BF9D52 /* MembersView.swift in Sources */ = {isa = PBXBuildFile; fileRef = 3D7F6633292036A500BF9D52 /* MembersView.swift */; };
		3D7F66362920385500BF9D52 /* MemberView.swift in Sources */ = {isa = PBXBuildFile; fileRef = 3D7F66352920385500BF9D52 /* MemberView.swift */; };
		3D7F66392920399700BF9D52 /* MemberAvatarView.swift in Sources */ = {isa = PBXBuildFile; fileRef = 3D7F66382920399700BF9D52 /* MemberAvatarView.swift */; };
		3D7F663B29203AB000BF9D52 /* CardMembersView.swift in Sources */ = {isa = PBXBuildFile; fileRef = 3D7F663A29203AB000BF9D52 /* CardMembersView.swift */; };
		3D8470B928F996ED009FC33B /* Sparkle in Frameworks */ = {isa = PBXBuildFile; productRef = 3D8470B828F996ED009FC33B /* Sparkle */; };
		3D914F38291EC1E300BF7279 /* AddCommentView.swift in Sources */ = {isa = PBXBuildFile; fileRef = 3D914F37291EC1E300BF7279 /* AddCommentView.swift */; };
		3D9DFDDE29143EA600DD0FAD /* TrelloBoardApi.swift in Sources */ = {isa = PBXBuildFile; fileRef = 3D9DFDDD29143EA600DD0FAD /* TrelloBoardApi.swift */; };
		3D9DFDE029143ECF00DD0FAD /* TrelloCardApi.swift in Sources */ = {isa = PBXBuildFile; fileRef = 3D9DFDDF29143ECF00DD0FAD /* TrelloCardApi.swift */; };
		3D9DFDE229143F0100DD0FAD /* TrelloApiHomeboyIntegration.swift in Sources */ = {isa = PBXBuildFile; fileRef = 3D9DFDE129143F0100DD0FAD /* TrelloApiHomeboyIntegration.swift */; };
		3D9DFDE429143F2700DD0FAD /* TrelloListApi.swift in Sources */ = {isa = PBXBuildFile; fileRef = 3D9DFDE329143F2700DD0FAD /* TrelloListApi.swift */; };
		3D9E4CFD28F2C2070065F47A /* ContextMenuMoveListView.swift in Sources */ = {isa = PBXBuildFile; fileRef = 3D9E4CFC28F2C2070065F47A /* ContextMenuMoveListView.swift */; };
		3D9E4CFF28F30FAA0065F47A /* ContextMenuLabelView.swift in Sources */ = {isa = PBXBuildFile; fileRef = 3D9E4CFE28F30FAA0065F47A /* ContextMenuLabelView.swift */; };
		3D9E4D0128F314750065F47A /* ContextMenuManageLabelsView.swift in Sources */ = {isa = PBXBuildFile; fileRef = 3D9E4D0028F314750065F47A /* ContextMenuManageLabelsView.swift */; };
		3D9FF7AC29631E9800E57C00 /* CachedAsyncImage in Frameworks */ = {isa = PBXBuildFile; productRef = 3D9FF7AB29631E9800E57C00 /* CachedAsyncImage */; };
		3D9FF7B02963358700E57C00 /* ImageCache.swift in Sources */ = {isa = PBXBuildFile; fileRef = 3D9FF7AF2963358700E57C00 /* ImageCache.swift */; };
		3D9FF7B229636B4500E57C00 /* CommandBarView.swift in Sources */ = {isa = PBXBuildFile; fileRef = 3D9FF7B129636B4500E57C00 /* CommandBarView.swift */; };
		3DA027232910675000D38CC8 /* CardNameView.swift in Sources */ = {isa = PBXBuildFile; fileRef = 3DA027222910675000D38CC8 /* CardNameView.swift */; };
		3DA027252910694300D38CC8 /* TrelloListNameView.swift in Sources */ = {isa = PBXBuildFile; fileRef = 3DA027242910694300D38CC8 /* TrelloListNameView.swift */; };
		3DAC601E2906E57C009255CE /* CardDropDelegate.swift in Sources */ = {isa = PBXBuildFile; fileRef = 3DAC601D2906E57C009255CE /* CardDropDelegate.swift */; };
		3DAEBABB2914608B008B76B2 /* CardCoverSizeView.swift in Sources */ = {isa = PBXBuildFile; fileRef = 3DAEBABA2914608B008B76B2 /* CardCoverSizeView.swift */; };
		3DB5882C291FDAB4000B9EF3 /* TrelloLabelApi.swift in Sources */ = {isa = PBXBuildFile; fileRef = 3DB5882B291FDAB4000B9EF3 /* TrelloLabelApi.swift */; };
		3DB8B911290D49E900DC5786 /* MarkdownUI in Frameworks */ = {isa = PBXBuildFile; productRef = 3DB8B910290D49E900DC5786 /* MarkdownUI */; };
		3DB8B913290D4CCA00DC5786 /* FlatButton.swift in Sources */ = {isa = PBXBuildFile; fileRef = 3DB8B912290D4CCA00DC5786 /* FlatButton.swift */; };
		3DBBC13928FD975C008780AB /* ChecklistView.swift in Sources */ = {isa = PBXBuildFile; fileRef = 3DBBC13828FD975C008780AB /* ChecklistView.swift */; };
		3DBBC13B28FD9C7C008780AB /* ChecklistItemView.swift in Sources */ = {isa = PBXBuildFile; fileRef = 3DBBC13A28FD9C7C008780AB /* ChecklistItemView.swift */; };
		3DC1CFB0292018DC0089F05B /* CardCoverView.swift in Sources */ = {isa = PBXBuildFile; fileRef = 3DC1CFAF292018DC0089F05B /* CardCoverView.swift */; };
		3DC268D3290A643F003F964F /* DoneListView.swift in Sources */ = {isa = PBXBuildFile; fileRef = 3DC268D2290A643F003F964F /* DoneListView.swift */; };
		3DC3E9B0291165EE00F5BF64 /* README.md in Resources */ = {isa = PBXBuildFile; fileRef = 3DC3E9AF291165EE00F5BF64 /* README.md */; };
		3DC8FB90290AC17700F63100 /* RightSidebarView.swift in Sources */ = {isa = PBXBuildFile; fileRef = 3DC8FB8F290AC17700F63100 /* RightSidebarView.swift */; };
		3DC8FB93290AC9C300F63100 /* IconButton.swift in Sources */ = {isa = PBXBuildFile; fileRef = 3DC8FB92290AC9C300F63100 /* IconButton.swift */; };
		3DCD03512920F63300564983 /* ContextMenuManageMembersView.swift in Sources */ = {isa = PBXBuildFile; fileRef = 3DCD03502920F63300564983 /* ContextMenuManageMembersView.swift */; };
		3DCE32FE2912664400E41650 /* Alamofire in Frameworks */ = {isa = PBXBuildFile; productRef = 3DCE32FD2912664400E41650 /* Alamofire */; };
		3DCF96BC2920221B00305593 /* TrelloMemberApi.swift in Sources */ = {isa = PBXBuildFile; fileRef = 3DCF96BB2920221B00305593 /* TrelloMemberApi.swift */; };
		3DCF96BE2920233300305593 /* Organization.swift in Sources */ = {isa = PBXBuildFile; fileRef = 3DCF96BD2920233300305593 /* Organization.swift */; };
		3DCF96C02920249D00305593 /* TrelloOrganizationApi.swift in Sources */ = {isa = PBXBuildFile; fileRef = 3DCF96BF2920249D00305593 /* TrelloOrganizationApi.swift */; };
		3DCF96C2292026DC00305593 /* OrganizationView.swift in Sources */ = {isa = PBXBuildFile; fileRef = 3DCF96C1292026DC00305593 /* OrganizationView.swift */; };
		3DD5043D291FC480004163EB /* ManageBoardLabelsView.swift in Sources */ = {isa = PBXBuildFile; fileRef = 3DD5043C291FC480004163EB /* ManageBoardLabelsView.swift */; };
		3DD5043F291FCB28004163EB /* EditLabelView.swift in Sources */ = {isa = PBXBuildFile; fileRef = 3DD5043E291FCB28004163EB /* EditLabelView.swift */; };
		3DD56A4528DF0488001FFD8D /* CardView.swift in Sources */ = {isa = PBXBuildFile; fileRef = 3DD56A4428DF0488001FFD8D /* CardView.swift */; };
		3DD5EAAC28F68D4B00D2F682 /* Preferences.swift in Sources */ = {isa = PBXBuildFile; fileRef = 3DD5EAAB28F68D4B00D2F682 /* Preferences.swift */; };
		3DDB37BA28F20B9E0095886A /* SidebarBoardView.swift in Sources */ = {isa = PBXBuildFile; fileRef = 3DDB37B928F20B9E0095886A /* SidebarBoardView.swift */; };
		3DDBD4542914FB89002E3F20 /* CodableWrappers in Frameworks */ = {isa = PBXBuildFile; productRef = 3DDBD4532914FB89002E3F20 /* CodableWrappers */; };
		3DE8B42E290C833500102E3E /* BoardView.swift in Sources */ = {isa = PBXBuildFile; fileRef = 3DE8B42D290C833500102E3E /* BoardView.swift */; };
		3DE8D105291A687C008B5E93 /* ContextMenuEditCardView.swift in Sources */ = {isa = PBXBuildFile; fileRef = 3DE8D104291A687C008B5E93 /* ContextMenuEditCardView.swift */; };
		3DEB7678291EB27E0050A715 /* Action.swift in Sources */ = {isa = PBXBuildFile; fileRef = 3DEB7677291EB27E0050A715 /* Action.swift */; };
		3DEB767A291EB6430050A715 /* Member.swift in Sources */ = {isa = PBXBuildFile; fileRef = 3DEB7679291EB6430050A715 /* Member.swift */; };
		3DEB767C291EB7290050A715 /* CommentView.swift in Sources */ = {isa = PBXBuildFile; fileRef = 3DEB767B291EB7290050A715 /* CommentView.swift */; };
		3DECF5982913AAF8007A796C /* TrelloChecklistApi.swift in Sources */ = {isa = PBXBuildFile; fileRef = 3DECF5972913AAF8007A796C /* TrelloChecklistApi.swift */; };
		3DF1F3E528DF3DF800B2D7C7 /* CardDetailsView.swift in Sources */ = {isa = PBXBuildFile; fileRef = 3DF1F3E428DF3DF800B2D7C7 /* CardDetailsView.swift */; };
		3DF2C2DF291120AC00ABF690 /* CardDetailsDescriptionView.swift in Sources */ = {isa = PBXBuildFile; fileRef = 3DF2C2DE291120AC00ABF690 /* CardDetailsDescriptionView.swift */; };
		3DFDB89029327D89005BE925 /* AttachmentDetailView.swift in Sources */ = {isa = PBXBuildFile; fileRef = 3DFDB88F29327D89005BE925 /* AttachmentDetailView.swift */; };
		3DFDB89229327DD0005BE925 /* AttachmentDetailImageView.swift in Sources */ = {isa = PBXBuildFile; fileRef = 3DFDB89129327DD0005BE925 /* AttachmentDetailImageView.swift */; };
/* End PBXBuildFile section */

/* Begin PBXContainerItemProxy section */
		3D1483AC28DEF4890021C6FC /* PBXContainerItemProxy */ = {
			isa = PBXContainerItemProxy;
			containerPortal = 3D14839228DEF4870021C6FC /* Project object */;
			proxyType = 1;
			remoteGlobalIDString = 3D14839928DEF4870021C6FC;
			remoteInfo = trello;
		};
		3D1483B628DEF48A0021C6FC /* PBXContainerItemProxy */ = {
			isa = PBXContainerItemProxy;
			containerPortal = 3D14839228DEF4870021C6FC /* Project object */;
			proxyType = 1;
			remoteGlobalIDString = 3D14839928DEF4870021C6FC;
			remoteInfo = trello;
		};
/* End PBXContainerItemProxy section */

/* Begin PBXFileReference section */
		3D0302E128F893B200213D3E /* OnboardingView.swift */ = {isa = PBXFileReference; lastKnownFileType = sourcecode.swift; path = OnboardingView.swift; sourceTree = "<group>"; };
		3D14839A28DEF4870021C6FC /* trello.app */ = {isa = PBXFileReference; explicitFileType = wrapper.application; includeInIndex = 0; path = trello.app; sourceTree = BUILT_PRODUCTS_DIR; };
		3D14839D28DEF4870021C6FC /* trelloApp.swift */ = {isa = PBXFileReference; lastKnownFileType = sourcecode.swift; path = trelloApp.swift; sourceTree = "<group>"; };
		3D14839F28DEF4870021C6FC /* ContentView.swift */ = {isa = PBXFileReference; lastKnownFileType = sourcecode.swift; path = ContentView.swift; sourceTree = "<group>"; };
		3D1483A128DEF4890021C6FC /* Assets.xcassets */ = {isa = PBXFileReference; lastKnownFileType = folder.assetcatalog; path = Assets.xcassets; sourceTree = "<group>"; };
		3D1483A428DEF4890021C6FC /* Preview Assets.xcassets */ = {isa = PBXFileReference; lastKnownFileType = folder.assetcatalog; path = "Preview Assets.xcassets"; sourceTree = "<group>"; };
		3D1483A628DEF4890021C6FC /* trello.entitlements */ = {isa = PBXFileReference; lastKnownFileType = text.plist.entitlements; path = trello.entitlements; sourceTree = "<group>"; };
		3D1483AB28DEF4890021C6FC /* trelloTests.xctest */ = {isa = PBXFileReference; explicitFileType = wrapper.cfbundle; includeInIndex = 0; path = trelloTests.xctest; sourceTree = BUILT_PRODUCTS_DIR; };
		3D1483AF28DEF4890021C6FC /* trelloTests.swift */ = {isa = PBXFileReference; lastKnownFileType = sourcecode.swift; path = trelloTests.swift; sourceTree = "<group>"; };
		3D1483B528DEF48A0021C6FC /* trelloUITests.xctest */ = {isa = PBXFileReference; explicitFileType = wrapper.cfbundle; includeInIndex = 0; path = trelloUITests.xctest; sourceTree = BUILT_PRODUCTS_DIR; };
		3D1483B928DEF48A0021C6FC /* trelloUITests.swift */ = {isa = PBXFileReference; lastKnownFileType = sourcecode.swift; path = trelloUITests.swift; sourceTree = "<group>"; };
		3D1483BB28DEF48A0021C6FC /* trelloUITestsLaunchTests.swift */ = {isa = PBXFileReference; lastKnownFileType = sourcecode.swift; path = trelloUITestsLaunchTests.swift; sourceTree = "<group>"; };
		3D1483CA28DEF70E0021C6FC /* Card.swift */ = {isa = PBXFileReference; lastKnownFileType = sourcecode.swift; path = Card.swift; sourceTree = "<group>"; };
		3D1483CC28DEF7A20021C6FC /* List.swift */ = {isa = PBXFileReference; lastKnownFileType = sourcecode.swift; path = List.swift; sourceTree = "<group>"; };
		3D1483CE28DEF7D80021C6FC /* TrelloListView.swift */ = {isa = PBXFileReference; lastKnownFileType = sourcecode.swift; path = TrelloListView.swift; sourceTree = "<group>"; };
		3D15B19A28F3F6D9007B95A0 /* SidebarView.swift */ = {isa = PBXFileReference; lastKnownFileType = sourcecode.swift; path = SidebarView.swift; sourceTree = "<group>"; };
		3D15B19C28F4005D007B95A0 /* ContextMenuDueDateView.swift */ = {isa = PBXFileReference; lastKnownFileType = sourcecode.swift; path = ContextMenuDueDateView.swift; sourceTree = "<group>"; };
		3D15B1A128F42366007B95A0 /* AddCardView.swift */ = {isa = PBXFileReference; lastKnownFileType = sourcecode.swift; path = AddCardView.swift; sourceTree = "<group>"; };
		3D28FB5C2920EB6300B1348E /* CardDetailsMembersView.swift */ = {isa = PBXFileReference; lastKnownFileType = sourcecode.swift; path = CardDetailsMembersView.swift; sourceTree = "<group>"; };
		3D2FC3E728FD7FDB00DF7B96 /* Checklist.swift */ = {isa = PBXFileReference; lastKnownFileType = sourcecode.swift; path = Checklist.swift; sourceTree = "<group>"; };
		3D337EA828FB24EE0054DCB3 /* CheckForUpdatesView.swift */ = {isa = PBXFileReference; lastKnownFileType = sourcecode.swift; path = CheckForUpdatesView.swift; sourceTree = "<group>"; };
		3D337EAA28FB25E80054DCB3 /* Info.plist */ = {isa = PBXFileReference; lastKnownFileType = text.plist; path = Info.plist; sourceTree = "<group>"; };
		3D42EB7E29228A9A00406DD7 /* SearchView.swift */ = {isa = PBXFileReference; lastKnownFileType = sourcecode.swift; path = SearchView.swift; sourceTree = "<group>"; };
		3D4632B828E078FC0063B4C4 /* TrelloApi.swift */ = {isa = PBXFileReference; lastKnownFileType = sourcecode.swift; path = TrelloApi.swift; sourceTree = "<group>"; };
		3D4632BA28E079140063B4C4 /* Board.swift */ = {isa = PBXFileReference; lastKnownFileType = sourcecode.swift; path = Board.swift; sourceTree = "<group>"; };
		3D4632BC28E0C0760063B4C4 /* Label.swift */ = {isa = PBXFileReference; lastKnownFileType = sourcecode.swift; path = Label.swift; sourceTree = "<group>"; };
		3D4632BE28E0C21A0063B4C4 /* LabelView.swift */ = {isa = PBXFileReference; lastKnownFileType = sourcecode.swift; path = LabelView.swift; sourceTree = "<group>"; };
		3D495DD328F8AA9A00B9D6AC /* ContextMenuCardColorView.swift */ = {isa = PBXFileReference; lastKnownFileType = sourcecode.swift; path = ContextMenuCardColorView.swift; sourceTree = "<group>"; };
		3D495DD528F934B300B9D6AC /* CardColorView.swift */ = {isa = PBXFileReference; lastKnownFileType = sourcecode.swift; path = CardColorView.swift; sourceTree = "<group>"; };
		3D582331293682AE00B2B87E /* devEnv.swift */ = {isa = PBXFileReference; lastKnownFileType = sourcecode.swift; path = devEnv.swift; sourceTree = "<group>"; };
		3D678C7C2932C447002C7B7C /* ToolbarBoardVisualisationView.swift */ = {isa = PBXFileReference; lastKnownFileType = sourcecode.swift; path = ToolbarBoardVisualisationView.swift; sourceTree = "<group>"; };
		3D678C7E2932C734002C7B7C /* BoardTableView.swift */ = {isa = PBXFileReference; lastKnownFileType = sourcecode.swift; path = BoardTableView.swift; sourceTree = "<group>"; };
		3D7363F329115CEF0075684E /* TrelloListMenuView.swift */ = {isa = PBXFileReference; lastKnownFileType = sourcecode.swift; path = TrelloListMenuView.swift; sourceTree = "<group>"; };
		3D7A54BB291EFE60004A8B1F /* CardAttachmentsView.swift */ = {isa = PBXFileReference; lastKnownFileType = sourcecode.swift; path = CardAttachmentsView.swift; sourceTree = "<group>"; };
		3D7A54BD291EFE80004A8B1F /* Attachment.swift */ = {isa = PBXFileReference; lastKnownFileType = sourcecode.swift; path = Attachment.swift; sourceTree = "<group>"; };
		3D7A54BF291F00F6004A8B1F /* AttachmentImageView.swift */ = {isa = PBXFileReference; lastKnownFileType = sourcecode.swift; path = AttachmentImageView.swift; sourceTree = "<group>"; };
		3D7A54C1291F0305004A8B1F /* AttachmentView.swift */ = {isa = PBXFileReference; lastKnownFileType = sourcecode.swift; path = AttachmentView.swift; sourceTree = "<group>"; };
		3D7D03A2290D41AD00C767C2 /* CardDueView.swift */ = {isa = PBXFileReference; lastKnownFileType = sourcecode.swift; path = CardDueView.swift; sourceTree = "<group>"; };
		3D7F6633292036A500BF9D52 /* MembersView.swift */ = {isa = PBXFileReference; lastKnownFileType = sourcecode.swift; path = MembersView.swift; sourceTree = "<group>"; };
		3D7F66352920385500BF9D52 /* MemberView.swift */ = {isa = PBXFileReference; lastKnownFileType = sourcecode.swift; path = MemberView.swift; sourceTree = "<group>"; };
		3D7F66382920399700BF9D52 /* MemberAvatarView.swift */ = {isa = PBXFileReference; lastKnownFileType = sourcecode.swift; path = MemberAvatarView.swift; sourceTree = "<group>"; };
		3D7F663A29203AB000BF9D52 /* CardMembersView.swift */ = {isa = PBXFileReference; lastKnownFileType = sourcecode.swift; path = CardMembersView.swift; sourceTree = "<group>"; };
		3D914F37291EC1E300BF7279 /* AddCommentView.swift */ = {isa = PBXFileReference; lastKnownFileType = sourcecode.swift; path = AddCommentView.swift; sourceTree = "<group>"; };
		3D9DFDDD29143EA600DD0FAD /* TrelloBoardApi.swift */ = {isa = PBXFileReference; lastKnownFileType = sourcecode.swift; path = TrelloBoardApi.swift; sourceTree = "<group>"; };
		3D9DFDDF29143ECF00DD0FAD /* TrelloCardApi.swift */ = {isa = PBXFileReference; lastKnownFileType = sourcecode.swift; path = TrelloCardApi.swift; sourceTree = "<group>"; };
		3D9DFDE129143F0100DD0FAD /* TrelloApiHomeboyIntegration.swift */ = {isa = PBXFileReference; lastKnownFileType = sourcecode.swift; path = TrelloApiHomeboyIntegration.swift; sourceTree = "<group>"; };
		3D9DFDE329143F2700DD0FAD /* TrelloListApi.swift */ = {isa = PBXFileReference; lastKnownFileType = sourcecode.swift; path = TrelloListApi.swift; sourceTree = "<group>"; };
		3D9E4CFC28F2C2070065F47A /* ContextMenuMoveListView.swift */ = {isa = PBXFileReference; lastKnownFileType = sourcecode.swift; path = ContextMenuMoveListView.swift; sourceTree = "<group>"; };
		3D9E4CFE28F30FAA0065F47A /* ContextMenuLabelView.swift */ = {isa = PBXFileReference; lastKnownFileType = sourcecode.swift; path = ContextMenuLabelView.swift; sourceTree = "<group>"; };
		3D9E4D0028F314750065F47A /* ContextMenuManageLabelsView.swift */ = {isa = PBXFileReference; lastKnownFileType = sourcecode.swift; path = ContextMenuManageLabelsView.swift; sourceTree = "<group>"; };
		3D9FF7AF2963358700E57C00 /* ImageCache.swift */ = {isa = PBXFileReference; lastKnownFileType = sourcecode.swift; path = ImageCache.swift; sourceTree = "<group>"; };
		3D9FF7B129636B4500E57C00 /* CommandBarView.swift */ = {isa = PBXFileReference; lastKnownFileType = sourcecode.swift; path = CommandBarView.swift; sourceTree = "<group>"; };
		3DA027222910675000D38CC8 /* CardNameView.swift */ = {isa = PBXFileReference; lastKnownFileType = sourcecode.swift; path = CardNameView.swift; sourceTree = "<group>"; };
		3DA027242910694300D38CC8 /* TrelloListNameView.swift */ = {isa = PBXFileReference; lastKnownFileType = sourcecode.swift; path = TrelloListNameView.swift; sourceTree = "<group>"; };
		3DAC601D2906E57C009255CE /* CardDropDelegate.swift */ = {isa = PBXFileReference; lastKnownFileType = sourcecode.swift; path = CardDropDelegate.swift; sourceTree = "<group>"; };
		3DAEBABA2914608B008B76B2 /* CardCoverSizeView.swift */ = {isa = PBXFileReference; lastKnownFileType = sourcecode.swift; path = CardCoverSizeView.swift; sourceTree = "<group>"; };
		3DB5882B291FDAB4000B9EF3 /* TrelloLabelApi.swift */ = {isa = PBXFileReference; lastKnownFileType = sourcecode.swift; path = TrelloLabelApi.swift; sourceTree = "<group>"; };
		3DB8B912290D4CCA00DC5786 /* FlatButton.swift */ = {isa = PBXFileReference; lastKnownFileType = sourcecode.swift; path = FlatButton.swift; sourceTree = "<group>"; };
		3DBBC13828FD975C008780AB /* ChecklistView.swift */ = {isa = PBXFileReference; lastKnownFileType = sourcecode.swift; path = ChecklistView.swift; sourceTree = "<group>"; };
		3DBBC13A28FD9C7C008780AB /* ChecklistItemView.swift */ = {isa = PBXFileReference; lastKnownFileType = sourcecode.swift; path = ChecklistItemView.swift; sourceTree = "<group>"; };
		3DC1CFAF292018DC0089F05B /* CardCoverView.swift */ = {isa = PBXFileReference; lastKnownFileType = sourcecode.swift; path = CardCoverView.swift; sourceTree = "<group>"; };
		3DC268D2290A643F003F964F /* DoneListView.swift */ = {isa = PBXFileReference; lastKnownFileType = sourcecode.swift; path = DoneListView.swift; sourceTree = "<group>"; };
		3DC3E9AF291165EE00F5BF64 /* README.md */ = {isa = PBXFileReference; fileEncoding = 4; lastKnownFileType = net.daringfireball.markdown; path = README.md; sourceTree = "<group>"; };
		3DC8FB8F290AC17700F63100 /* RightSidebarView.swift */ = {isa = PBXFileReference; lastKnownFileType = sourcecode.swift; path = RightSidebarView.swift; sourceTree = "<group>"; };
		3DC8FB92290AC9C300F63100 /* IconButton.swift */ = {isa = PBXFileReference; lastKnownFileType = sourcecode.swift; path = IconButton.swift; sourceTree = "<group>"; };
		3DCD03502920F63300564983 /* ContextMenuManageMembersView.swift */ = {isa = PBXFileReference; lastKnownFileType = sourcecode.swift; path = ContextMenuManageMembersView.swift; sourceTree = "<group>"; };
		3DCF96BB2920221B00305593 /* TrelloMemberApi.swift */ = {isa = PBXFileReference; lastKnownFileType = sourcecode.swift; path = TrelloMemberApi.swift; sourceTree = "<group>"; };
		3DCF96BD2920233300305593 /* Organization.swift */ = {isa = PBXFileReference; lastKnownFileType = sourcecode.swift; path = Organization.swift; sourceTree = "<group>"; };
		3DCF96BF2920249D00305593 /* TrelloOrganizationApi.swift */ = {isa = PBXFileReference; lastKnownFileType = sourcecode.swift; path = TrelloOrganizationApi.swift; sourceTree = "<group>"; };
		3DCF96C1292026DC00305593 /* OrganizationView.swift */ = {isa = PBXFileReference; lastKnownFileType = sourcecode.swift; path = OrganizationView.swift; sourceTree = "<group>"; };
		3DD5043C291FC480004163EB /* ManageBoardLabelsView.swift */ = {isa = PBXFileReference; lastKnownFileType = sourcecode.swift; path = ManageBoardLabelsView.swift; sourceTree = "<group>"; };
		3DD5043E291FCB28004163EB /* EditLabelView.swift */ = {isa = PBXFileReference; lastKnownFileType = sourcecode.swift; path = EditLabelView.swift; sourceTree = "<group>"; };
		3DD56A4428DF0488001FFD8D /* CardView.swift */ = {isa = PBXFileReference; lastKnownFileType = sourcecode.swift; path = CardView.swift; sourceTree = "<group>"; };
		3DD5EAAB28F68D4B00D2F682 /* Preferences.swift */ = {isa = PBXFileReference; lastKnownFileType = sourcecode.swift; path = Preferences.swift; sourceTree = "<group>"; };
		3DDB37B928F20B9E0095886A /* SidebarBoardView.swift */ = {isa = PBXFileReference; lastKnownFileType = sourcecode.swift; path = SidebarBoardView.swift; sourceTree = "<group>"; };
		3DE8B42D290C833500102E3E /* BoardView.swift */ = {isa = PBXFileReference; lastKnownFileType = sourcecode.swift; path = BoardView.swift; sourceTree = "<group>"; };
		3DE8D104291A687C008B5E93 /* ContextMenuEditCardView.swift */ = {isa = PBXFileReference; lastKnownFileType = sourcecode.swift; path = ContextMenuEditCardView.swift; sourceTree = "<group>"; };
		3DEB7677291EB27E0050A715 /* Action.swift */ = {isa = PBXFileReference; lastKnownFileType = sourcecode.swift; path = Action.swift; sourceTree = "<group>"; };
		3DEB7679291EB6430050A715 /* Member.swift */ = {isa = PBXFileReference; lastKnownFileType = sourcecode.swift; path = Member.swift; sourceTree = "<group>"; };
		3DEB767B291EB7290050A715 /* CommentView.swift */ = {isa = PBXFileReference; lastKnownFileType = sourcecode.swift; path = CommentView.swift; sourceTree = "<group>"; };
		3DECF5972913AAF8007A796C /* TrelloChecklistApi.swift */ = {isa = PBXFileReference; lastKnownFileType = sourcecode.swift; path = TrelloChecklistApi.swift; sourceTree = "<group>"; };
		3DF1F3E428DF3DF800B2D7C7 /* CardDetailsView.swift */ = {isa = PBXFileReference; lastKnownFileType = sourcecode.swift; path = CardDetailsView.swift; sourceTree = "<group>"; };
		3DF2C2DE291120AC00ABF690 /* CardDetailsDescriptionView.swift */ = {isa = PBXFileReference; lastKnownFileType = sourcecode.swift; path = CardDetailsDescriptionView.swift; sourceTree = "<group>"; };
		3DFDB88F29327D89005BE925 /* AttachmentDetailView.swift */ = {isa = PBXFileReference; lastKnownFileType = sourcecode.swift; path = AttachmentDetailView.swift; sourceTree = "<group>"; };
		3DFDB89129327DD0005BE925 /* AttachmentDetailImageView.swift */ = {isa = PBXFileReference; lastKnownFileType = sourcecode.swift; path = AttachmentDetailImageView.swift; sourceTree = "<group>"; };
/* End PBXFileReference section */

/* Begin PBXFrameworksBuildPhase section */
		3D14839728DEF4870021C6FC /* Frameworks */ = {
			isa = PBXFrameworksBuildPhase;
			buildActionMask = 2147483647;
			files = (
				3DCE32FE2912664400E41650 /* Alamofire in Frameworks */,
				3D9FF7AC29631E9800E57C00 /* CachedAsyncImage in Frameworks */,
				3DDBD4542914FB89002E3F20 /* CodableWrappers in Frameworks */,
				3DB8B911290D49E900DC5786 /* MarkdownUI in Frameworks */,
				3D8470B928F996ED009FC33B /* Sparkle in Frameworks */,
			);
			runOnlyForDeploymentPostprocessing = 0;
		};
		3D1483A828DEF4890021C6FC /* Frameworks */ = {
			isa = PBXFrameworksBuildPhase;
			buildActionMask = 2147483647;
			files = (
				3D488BE8290D79E80091EDBA /* Sparkle in Frameworks */,
			);
			runOnlyForDeploymentPostprocessing = 0;
		};
		3D1483B228DEF48A0021C6FC /* Frameworks */ = {
			isa = PBXFrameworksBuildPhase;
			buildActionMask = 2147483647;
			files = (
				3D488BE6290D79E40091EDBA /* Sparkle in Frameworks */,
			);
			runOnlyForDeploymentPostprocessing = 0;
		};
/* End PBXFrameworksBuildPhase section */

/* Begin PBXGroup section */
		3D14839128DEF4870021C6FC = {
			isa = PBXGroup;
			children = (
				3DC3E9AF291165EE00F5BF64 /* README.md */,
				3D14839C28DEF4870021C6FC /* trello */,
				3D1483AE28DEF4890021C6FC /* trelloTests */,
				3D1483B828DEF48A0021C6FC /* trelloUITests */,
				3D14839B28DEF4870021C6FC /* Products */,
				3D488BE4290D79E40091EDBA /* Frameworks */,
			);
			sourceTree = "<group>";
		};
		3D14839B28DEF4870021C6FC /* Products */ = {
			isa = PBXGroup;
			children = (
				3D14839A28DEF4870021C6FC /* trello.app */,
				3D1483AB28DEF4890021C6FC /* trelloTests.xctest */,
				3D1483B528DEF48A0021C6FC /* trelloUITests.xctest */,
			);
			name = Products;
			sourceTree = "<group>";
		};
		3D14839C28DEF4870021C6FC /* trello */ = {
			isa = PBXGroup;
			children = (
				3D337EAA28FB25E80054DCB3 /* Info.plist */,
				3D1483A628DEF4890021C6FC /* trello.entitlements */,
				3D1483A128DEF4890021C6FC /* Assets.xcassets */,
				3D582331293682AE00B2B87E /* devEnv.swift */,
				3D14839D28DEF4870021C6FC /* trelloApp.swift */,
				3DCFDDB2290ACA8200039C2F /* api */,
				3DC8FB91290AC9A900F63100 /* extensions */,
				3D1483C928DEF7030021C6FC /* models */,
				3D1483A328DEF4890021C6FC /* Preview Content */,
				3D1483C828DEF6730021C6FC /* views */,
			);
			path = trello;
			sourceTree = "<group>";
		};
		3D1483A328DEF4890021C6FC /* Preview Content */ = {
			isa = PBXGroup;
			children = (
				3D1483A428DEF4890021C6FC /* Preview Assets.xcassets */,
			);
			path = "Preview Content";
			sourceTree = "<group>";
		};
		3D1483AE28DEF4890021C6FC /* trelloTests */ = {
			isa = PBXGroup;
			children = (
				3D1483AF28DEF4890021C6FC /* trelloTests.swift */,
			);
			path = trelloTests;
			sourceTree = "<group>";
		};
		3D1483B828DEF48A0021C6FC /* trelloUITests */ = {
			isa = PBXGroup;
			children = (
				3D1483B928DEF48A0021C6FC /* trelloUITests.swift */,
				3D1483BB28DEF48A0021C6FC /* trelloUITestsLaunchTests.swift */,
			);
			path = trelloUITests;
			sourceTree = "<group>";
		};
		3D1483C828DEF6730021C6FC /* views */ = {
			isa = PBXGroup;
			children = (
				3D14839F28DEF4870021C6FC /* ContentView.swift */,
				3D9FF7B129636B4500E57C00 /* CommandBarView.swift */,
				3DFDB88E29327D74005BE925 /* attachment */,
				3D42EB7D29228A8F00406DD7 /* toolbar */,
				3D7F66372920398100BF9D52 /* members */,
				3DCFDDB0290ACA3400039C2F /* board */,
				3DCFDDAC290ACA0300039C2F /* card */,
				3DCFDDAB290AC9F600039C2F /* list */,
				3DCFDDAF290ACA2800039C2F /* settings */,
				3DCFDDB1290ACA4F00039C2F /* sidebar */,
				3DCFDDAE290ACA1E00039C2F /* updater */,
			);
			path = views;
			sourceTree = "<group>";
		};
		3D1483C928DEF7030021C6FC /* models */ = {
			isa = PBXGroup;
			children = (
				3DD5EAAB28F68D4B00D2F682 /* Preferences.swift */,
				3D1483CA28DEF70E0021C6FC /* Card.swift */,
				3D1483CC28DEF7A20021C6FC /* List.swift */,
				3D4632BA28E079140063B4C4 /* Board.swift */,
				3D4632BC28E0C0760063B4C4 /* Label.swift */,
				3D2FC3E728FD7FDB00DF7B96 /* Checklist.swift */,
				3DEB7677291EB27E0050A715 /* Action.swift */,
				3DEB7679291EB6430050A715 /* Member.swift */,
				3D7A54BD291EFE80004A8B1F /* Attachment.swift */,
				3DCF96BD2920233300305593 /* Organization.swift */,
			);
			path = models;
			sourceTree = "<group>";
		};
		3D42EB7D29228A8F00406DD7 /* toolbar */ = {
			isa = PBXGroup;
			children = (
				3D42EB7E29228A9A00406DD7 /* SearchView.swift */,
				3D678C7C2932C447002C7B7C /* ToolbarBoardVisualisationView.swift */,
			);
			path = toolbar;
			sourceTree = "<group>";
		};
		3D488BE4290D79E40091EDBA /* Frameworks */ = {
			isa = PBXGroup;
			children = (
			);
			name = Frameworks;
			sourceTree = "<group>";
		};
		3D7F66372920398100BF9D52 /* members */ = {
			isa = PBXGroup;
			children = (
				3D7F6633292036A500BF9D52 /* MembersView.swift */,
				3D7F66352920385500BF9D52 /* MemberView.swift */,
				3D7F66382920399700BF9D52 /* MemberAvatarView.swift */,
			);
			path = members;
			sourceTree = "<group>";
		};
		3DC8FB91290AC9A900F63100 /* extensions */ = {
			isa = PBXGroup;
			children = (
				3DC8FB92290AC9C300F63100 /* IconButton.swift */,
				3DAC601D2906E57C009255CE /* CardDropDelegate.swift */,
				3DB8B912290D4CCA00DC5786 /* FlatButton.swift */,
				3D9FF7AF2963358700E57C00 /* ImageCache.swift */,
			);
			path = extensions;
			sourceTree = "<group>";
		};
		3DCFDDAB290AC9F600039C2F /* list */ = {
			isa = PBXGroup;
			children = (
				3D1483CE28DEF7D80021C6FC /* TrelloListView.swift */,
				3DC268D2290A643F003F964F /* DoneListView.swift */,
				3DA027242910694300D38CC8 /* TrelloListNameView.swift */,
				3D7363F329115CEF0075684E /* TrelloListMenuView.swift */,
			);
			path = list;
			sourceTree = "<group>";
		};
		3DCFDDAC290ACA0300039C2F /* card */ = {
			isa = PBXGroup;
			children = (
				3DCFDDAD290ACA0F00039C2F /* context-menu */,
				3DD56A4428DF0488001FFD8D /* CardView.swift */,
				3D495DD528F934B300B9D6AC /* CardColorView.swift */,
				3DF1F3E428DF3DF800B2D7C7 /* CardDetailsView.swift */,
				3D4632BE28E0C21A0063B4C4 /* LabelView.swift */,
				3DBBC13828FD975C008780AB /* ChecklistView.swift */,
				3DBBC13A28FD9C7C008780AB /* ChecklistItemView.swift */,
				3D7D03A2290D41AD00C767C2 /* CardDueView.swift */,
				3DA027222910675000D38CC8 /* CardNameView.swift */,
				3DF2C2DE291120AC00ABF690 /* CardDetailsDescriptionView.swift */,
				3DAEBABA2914608B008B76B2 /* CardCoverSizeView.swift */,
				3DEB767B291EB7290050A715 /* CommentView.swift */,
				3D914F37291EC1E300BF7279 /* AddCommentView.swift */,
				3D7A54BB291EFE60004A8B1F /* CardAttachmentsView.swift */,
				3DC1CFAF292018DC0089F05B /* CardCoverView.swift */,
				3D7F663A29203AB000BF9D52 /* CardMembersView.swift */,
				3D28FB5C2920EB6300B1348E /* CardDetailsMembersView.swift */,
			);
			path = card;
			sourceTree = "<group>";
		};
		3DCFDDAD290ACA0F00039C2F /* context-menu */ = {
			isa = PBXGroup;
			children = (
				3D9E4CFC28F2C2070065F47A /* ContextMenuMoveListView.swift */,
				3D495DD328F8AA9A00B9D6AC /* ContextMenuCardColorView.swift */,
				3D9E4CFE28F30FAA0065F47A /* ContextMenuLabelView.swift */,
				3D9E4D0028F314750065F47A /* ContextMenuManageLabelsView.swift */,
				3D15B19C28F4005D007B95A0 /* ContextMenuDueDateView.swift */,
				3DE8D104291A687C008B5E93 /* ContextMenuEditCardView.swift */,
				3DCD03502920F63300564983 /* ContextMenuManageMembersView.swift */,
			);
			path = "context-menu";
			sourceTree = "<group>";
		};
		3DCFDDAE290ACA1E00039C2F /* updater */ = {
			isa = PBXGroup;
			children = (
				3D337EA828FB24EE0054DCB3 /* CheckForUpdatesView.swift */,
			);
			path = updater;
			sourceTree = "<group>";
		};
		3DCFDDAF290ACA2800039C2F /* settings */ = {
			isa = PBXGroup;
			children = (
				3D0302E128F893B200213D3E /* OnboardingView.swift */,
			);
			path = settings;
			sourceTree = "<group>";
		};
		3DCFDDB0290ACA3400039C2F /* board */ = {
			isa = PBXGroup;
			children = (
				3DE8B42D290C833500102E3E /* BoardView.swift */,
				3D15B1A128F42366007B95A0 /* AddCardView.swift */,
				3DD5043C291FC480004163EB /* ManageBoardLabelsView.swift */,
				3DD5043E291FCB28004163EB /* EditLabelView.swift */,
				3D678C7E2932C734002C7B7C /* BoardTableView.swift */,
			);
			path = board;
			sourceTree = "<group>";
		};
		3DCFDDB1290ACA4F00039C2F /* sidebar */ = {
			isa = PBXGroup;
			children = (
				3D15B19A28F3F6D9007B95A0 /* SidebarView.swift */,
				3DDB37B928F20B9E0095886A /* SidebarBoardView.swift */,
				3DC8FB8F290AC17700F63100 /* RightSidebarView.swift */,
				3DCF96C1292026DC00305593 /* OrganizationView.swift */,
			);
			path = sidebar;
			sourceTree = "<group>";
		};
		3DCFDDB2290ACA8200039C2F /* api */ = {
			isa = PBXGroup;
			children = (
				3D4632B828E078FC0063B4C4 /* TrelloApi.swift */,
				3DECF5972913AAF8007A796C /* TrelloChecklistApi.swift */,
				3D9DFDDD29143EA600DD0FAD /* TrelloBoardApi.swift */,
				3D9DFDDF29143ECF00DD0FAD /* TrelloCardApi.swift */,
				3D9DFDE129143F0100DD0FAD /* TrelloApiHomeboyIntegration.swift */,
				3D9DFDE329143F2700DD0FAD /* TrelloListApi.swift */,
				3DB5882B291FDAB4000B9EF3 /* TrelloLabelApi.swift */,
				3DCF96BB2920221B00305593 /* TrelloMemberApi.swift */,
				3DCF96BF2920249D00305593 /* TrelloOrganizationApi.swift */,
			);
			path = api;
			sourceTree = "<group>";
		};
		3DFDB88E29327D74005BE925 /* attachment */ = {
			isa = PBXGroup;
			children = (
				3D7A54BF291F00F6004A8B1F /* AttachmentImageView.swift */,
				3D7A54C1291F0305004A8B1F /* AttachmentView.swift */,
				3DFDB88F29327D89005BE925 /* AttachmentDetailView.swift */,
				3DFDB89129327DD0005BE925 /* AttachmentDetailImageView.swift */,
			);
			path = attachment;
			sourceTree = "<group>";
		};
/* End PBXGroup section */

/* Begin PBXNativeTarget section */
		3D14839928DEF4870021C6FC /* trello */ = {
			isa = PBXNativeTarget;
			buildConfigurationList = 3D1483BF28DEF48A0021C6FC /* Build configuration list for PBXNativeTarget "trello" */;
			buildPhases = (
				3D14839628DEF4870021C6FC /* Sources */,
				3D14839728DEF4870021C6FC /* Frameworks */,
				3D14839828DEF4870021C6FC /* Resources */,
			);
			buildRules = (
			);
			dependencies = (
			);
			name = trello;
			packageProductDependencies = (
				3D8470B828F996ED009FC33B /* Sparkle */,
				3DB8B910290D49E900DC5786 /* MarkdownUI */,
				3DCE32FD2912664400E41650 /* Alamofire */,
				3DDBD4532914FB89002E3F20 /* CodableWrappers */,
				3D9FF7AB29631E9800E57C00 /* CachedAsyncImage */,
			);
			productName = trello;
			productReference = 3D14839A28DEF4870021C6FC /* trello.app */;
			productType = "com.apple.product-type.application";
		};
		3D1483AA28DEF4890021C6FC /* trelloTests */ = {
			isa = PBXNativeTarget;
			buildConfigurationList = 3D1483C228DEF48A0021C6FC /* Build configuration list for PBXNativeTarget "trelloTests" */;
			buildPhases = (
				3D1483A728DEF4890021C6FC /* Sources */,
				3D1483A828DEF4890021C6FC /* Frameworks */,
				3D1483A928DEF4890021C6FC /* Resources */,
			);
			buildRules = (
			);
			dependencies = (
				3D1483AD28DEF4890021C6FC /* PBXTargetDependency */,
			);
			name = trelloTests;
			packageProductDependencies = (
				3D488BE7290D79E80091EDBA /* Sparkle */,
			);
			productName = trelloTests;
			productReference = 3D1483AB28DEF4890021C6FC /* trelloTests.xctest */;
			productType = "com.apple.product-type.bundle.unit-test";
		};
		3D1483B428DEF48A0021C6FC /* trelloUITests */ = {
			isa = PBXNativeTarget;
			buildConfigurationList = 3D1483C528DEF48A0021C6FC /* Build configuration list for PBXNativeTarget "trelloUITests" */;
			buildPhases = (
				3D1483B128DEF48A0021C6FC /* Sources */,
				3D1483B228DEF48A0021C6FC /* Frameworks */,
				3D1483B328DEF48A0021C6FC /* Resources */,
			);
			buildRules = (
			);
			dependencies = (
				3D1483B728DEF48A0021C6FC /* PBXTargetDependency */,
			);
			name = trelloUITests;
			packageProductDependencies = (
				3D488BE5290D79E40091EDBA /* Sparkle */,
			);
			productName = trelloUITests;
			productReference = 3D1483B528DEF48A0021C6FC /* trelloUITests.xctest */;
			productType = "com.apple.product-type.bundle.ui-testing";
		};
/* End PBXNativeTarget section */

/* Begin PBXProject section */
		3D14839228DEF4870021C6FC /* Project object */ = {
			isa = PBXProject;
			attributes = {
				BuildIndependentTargetsInParallel = 1;
				LastSwiftUpdateCheck = 1400;
				LastUpgradeCheck = 1400;
				TargetAttributes = {
					3D14839928DEF4870021C6FC = {
						CreatedOnToolsVersion = 14.0;
					};
					3D1483AA28DEF4890021C6FC = {
						CreatedOnToolsVersion = 14.0;
						TestTargetID = 3D14839928DEF4870021C6FC;
					};
					3D1483B428DEF48A0021C6FC = {
						CreatedOnToolsVersion = 14.0;
						TestTargetID = 3D14839928DEF4870021C6FC;
					};
				};
			};
			buildConfigurationList = 3D14839528DEF4870021C6FC /* Build configuration list for PBXProject "trello" */;
			compatibilityVersion = "Xcode 14.0";
			developmentRegion = en;
			hasScannedForEncodings = 0;
			knownRegions = (
				en,
				Base,
			);
			mainGroup = 3D14839128DEF4870021C6FC;
			packageReferences = (
				3D8470B728F996ED009FC33B /* XCRemoteSwiftPackageReference "Sparkle" */,
				3DB8B90F290D49E900DC5786 /* XCRemoteSwiftPackageReference "MarkdownUI" */,
				3DCE32FC2912664400E41650 /* XCRemoteSwiftPackageReference "Alamofire" */,
				3DDBD4522914FB89002E3F20 /* XCRemoteSwiftPackageReference "CodableWrappers" */,
				3D9FF7AA29631E9800E57C00 /* XCRemoteSwiftPackageReference "swiftui-cached-async-image" */,
			);
			productRefGroup = 3D14839B28DEF4870021C6FC /* Products */;
			projectDirPath = "";
			projectRoot = "";
			targets = (
				3D14839928DEF4870021C6FC /* trello */,
				3D1483AA28DEF4890021C6FC /* trelloTests */,
				3D1483B428DEF48A0021C6FC /* trelloUITests */,
			);
		};
/* End PBXProject section */

/* Begin PBXResourcesBuildPhase section */
		3D14839828DEF4870021C6FC /* Resources */ = {
			isa = PBXResourcesBuildPhase;
			buildActionMask = 2147483647;
			files = (
				3DC3E9B0291165EE00F5BF64 /* README.md in Resources */,
				3D1483A528DEF4890021C6FC /* Preview Assets.xcassets in Resources */,
				3D1483A228DEF4890021C6FC /* Assets.xcassets in Resources */,
			);
			runOnlyForDeploymentPostprocessing = 0;
		};
		3D1483A928DEF4890021C6FC /* Resources */ = {
			isa = PBXResourcesBuildPhase;
			buildActionMask = 2147483647;
			files = (
			);
			runOnlyForDeploymentPostprocessing = 0;
		};
		3D1483B328DEF48A0021C6FC /* Resources */ = {
			isa = PBXResourcesBuildPhase;
			buildActionMask = 2147483647;
			files = (
			);
			runOnlyForDeploymentPostprocessing = 0;
		};
/* End PBXResourcesBuildPhase section */

/* Begin PBXSourcesBuildPhase section */
		3D14839628DEF4870021C6FC /* Sources */ = {
			isa = PBXSourcesBuildPhase;
			buildActionMask = 2147483647;
			files = (
				3D1483A028DEF4870021C6FC /* ContentView.swift in Sources */,
				3DCF96C2292026DC00305593 /* OrganizationView.swift in Sources */,
				3DECF5982913AAF8007A796C /* TrelloChecklistApi.swift in Sources */,
				3D9DFDE229143F0100DD0FAD /* TrelloApiHomeboyIntegration.swift in Sources */,
				3D15B19D28F4005D007B95A0 /* ContextMenuDueDateView.swift in Sources */,
				3D7A54BE291EFE80004A8B1F /* Attachment.swift in Sources */,
				3DD5043D291FC480004163EB /* ManageBoardLabelsView.swift in Sources */,
				3D15B19B28F3F6D9007B95A0 /* SidebarView.swift in Sources */,
				3DFDB89029327D89005BE925 /* AttachmentDetailView.swift in Sources */,
				3D7A54C0291F00F6004A8B1F /* AttachmentImageView.swift in Sources */,
				3D9DFDE029143ECF00DD0FAD /* TrelloCardApi.swift in Sources */,
				3D1483CD28DEF7A20021C6FC /* List.swift in Sources */,
				3DA027252910694300D38CC8 /* TrelloListNameView.swift in Sources */,
				3DBBC13B28FD9C7C008780AB /* ChecklistItemView.swift in Sources */,
				3DC8FB93290AC9C300F63100 /* IconButton.swift in Sources */,
				3D1483CB28DEF70E0021C6FC /* Card.swift in Sources */,
				3DF1F3E528DF3DF800B2D7C7 /* CardDetailsView.swift in Sources */,
				3D7F663B29203AB000BF9D52 /* CardMembersView.swift in Sources */,
				3D1483CF28DEF7D80021C6FC /* TrelloListView.swift in Sources */,
				3D7A54C2291F0305004A8B1F /* AttachmentView.swift in Sources */,
				3DD56A4528DF0488001FFD8D /* CardView.swift in Sources */,
				3D495DD628F934B300B9D6AC /* CardColorView.swift in Sources */,
				3DC268D3290A643F003F964F /* DoneListView.swift in Sources */,
				3D9DFDE429143F2700DD0FAD /* TrelloListApi.swift in Sources */,
				3D7F66362920385500BF9D52 /* MemberView.swift in Sources */,
				3D678C7D2932C447002C7B7C /* ToolbarBoardVisualisationView.swift in Sources */,
				3DCF96C02920249D00305593 /* TrelloOrganizationApi.swift in Sources */,
				3D28FB5D2920EB6300B1348E /* CardDetailsMembersView.swift in Sources */,
				3D42EB7F29228A9A00406DD7 /* SearchView.swift in Sources */,
				3D15B1A228F42366007B95A0 /* AddCardView.swift in Sources */,
				3D9E4CFD28F2C2070065F47A /* ContextMenuMoveListView.swift in Sources */,
				3DEB767C291EB7290050A715 /* CommentView.swift in Sources */,
				3DBBC13928FD975C008780AB /* ChecklistView.swift in Sources */,
				3DD5EAAC28F68D4B00D2F682 /* Preferences.swift in Sources */,
				3D914F38291EC1E300BF7279 /* AddCommentView.swift in Sources */,
				3D7363F429115CEF0075684E /* TrelloListMenuView.swift in Sources */,
				3D4632B928E078FC0063B4C4 /* TrelloApi.swift in Sources */,
				3D9E4D0128F314750065F47A /* ContextMenuManageLabelsView.swift in Sources */,
				3DCF96BE2920233300305593 /* Organization.swift in Sources */,
				3D0302E228F893B200213D3E /* OnboardingView.swift in Sources */,
				3DD5043F291FCB28004163EB /* EditLabelView.swift in Sources */,
				3D4632BF28E0C21A0063B4C4 /* LabelView.swift in Sources */,
				3DAEBABB2914608B008B76B2 /* CardCoverSizeView.swift in Sources */,
				3DE8B42E290C833500102E3E /* BoardView.swift in Sources */,
				3DEB7678291EB27E0050A715 /* Action.swift in Sources */,
				3D14839E28DEF4870021C6FC /* trelloApp.swift in Sources */,
				3DE8D105291A687C008B5E93 /* ContextMenuEditCardView.swift in Sources */,
				3D582332293682AE00B2B87E /* devEnv.swift in Sources */,
				3D4632BD28E0C0760063B4C4 /* Label.swift in Sources */,
				3D495DD428F8AA9A00B9D6AC /* ContextMenuCardColorView.swift in Sources */,
				3DDB37BA28F20B9E0095886A /* SidebarBoardView.swift in Sources */,
				3DB5882C291FDAB4000B9EF3 /* TrelloLabelApi.swift in Sources */,
				3DC1CFB0292018DC0089F05B /* CardCoverView.swift in Sources */,
				3DC8FB90290AC17700F63100 /* RightSidebarView.swift in Sources */,
				3D2FC3E828FD7FDB00DF7B96 /* Checklist.swift in Sources */,
				3DB8B913290D4CCA00DC5786 /* FlatButton.swift in Sources */,
				3D7F66392920399700BF9D52 /* MemberAvatarView.swift in Sources */,
				3DEB767A291EB6430050A715 /* Member.swift in Sources */,
				3D9E4CFF28F30FAA0065F47A /* ContextMenuLabelView.swift in Sources */,
				3DA027232910675000D38CC8 /* CardNameView.swift in Sources */,
				3D9FF7B02963358700E57C00 /* ImageCache.swift in Sources */,
				3D4632BB28E079140063B4C4 /* Board.swift in Sources */,
				3DF2C2DF291120AC00ABF690 /* CardDetailsDescriptionView.swift in Sources */,
				3D337EA928FB24EE0054DCB3 /* CheckForUpdatesView.swift in Sources */,
				3D678C7F2932C734002C7B7C /* BoardTableView.swift in Sources */,
				3DAC601E2906E57C009255CE /* CardDropDelegate.swift in Sources */,
				3DCD03512920F63300564983 /* ContextMenuManageMembersView.swift in Sources */,
				3DCF96BC2920221B00305593 /* TrelloMemberApi.swift in Sources */,
				3DFDB89229327DD0005BE925 /* AttachmentDetailImageView.swift in Sources */,
				3D9DFDDE29143EA600DD0FAD /* TrelloBoardApi.swift in Sources */,
				3D9FF7B229636B4500E57C00 /* CommandBarView.swift in Sources */,
				3D7F6634292036A500BF9D52 /* MembersView.swift in Sources */,
				3D7D03A3290D41AD00C767C2 /* CardDueView.swift in Sources */,
				3D7A54BC291EFE60004A8B1F /* CardAttachmentsView.swift in Sources */,
			);
			runOnlyForDeploymentPostprocessing = 0;
		};
		3D1483A728DEF4890021C6FC /* Sources */ = {
			isa = PBXSourcesBuildPhase;
			buildActionMask = 2147483647;
			files = (
				3D1483B028DEF4890021C6FC /* trelloTests.swift in Sources */,
			);
			runOnlyForDeploymentPostprocessing = 0;
		};
		3D1483B128DEF48A0021C6FC /* Sources */ = {
			isa = PBXSourcesBuildPhase;
			buildActionMask = 2147483647;
			files = (
				3D1483BC28DEF48A0021C6FC /* trelloUITestsLaunchTests.swift in Sources */,
				3D1483BA28DEF48A0021C6FC /* trelloUITests.swift in Sources */,
			);
			runOnlyForDeploymentPostprocessing = 0;
		};
/* End PBXSourcesBuildPhase section */

/* Begin PBXTargetDependency section */
		3D1483AD28DEF4890021C6FC /* PBXTargetDependency */ = {
			isa = PBXTargetDependency;
			target = 3D14839928DEF4870021C6FC /* trello */;
			targetProxy = 3D1483AC28DEF4890021C6FC /* PBXContainerItemProxy */;
		};
		3D1483B728DEF48A0021C6FC /* PBXTargetDependency */ = {
			isa = PBXTargetDependency;
			target = 3D14839928DEF4870021C6FC /* trello */;
			targetProxy = 3D1483B628DEF48A0021C6FC /* PBXContainerItemProxy */;
		};
/* End PBXTargetDependency section */

/* Begin XCBuildConfiguration section */
		3D1483BD28DEF48A0021C6FC /* Debug */ = {
			isa = XCBuildConfiguration;
			buildSettings = {
				ALWAYS_SEARCH_USER_PATHS = NO;
				CLANG_ANALYZER_NONNULL = YES;
				CLANG_ANALYZER_NUMBER_OBJECT_CONVERSION = YES_AGGRESSIVE;
				CLANG_CXX_LANGUAGE_STANDARD = "gnu++20";
				CLANG_ENABLE_MODULES = YES;
				CLANG_ENABLE_OBJC_ARC = YES;
				CLANG_ENABLE_OBJC_WEAK = YES;
				CLANG_WARN_BLOCK_CAPTURE_AUTORELEASING = YES;
				CLANG_WARN_BOOL_CONVERSION = YES;
				CLANG_WARN_COMMA = YES;
				CLANG_WARN_CONSTANT_CONVERSION = YES;
				CLANG_WARN_DEPRECATED_OBJC_IMPLEMENTATIONS = YES;
				CLANG_WARN_DIRECT_OBJC_ISA_USAGE = YES_ERROR;
				CLANG_WARN_DOCUMENTATION_COMMENTS = YES;
				CLANG_WARN_EMPTY_BODY = YES;
				CLANG_WARN_ENUM_CONVERSION = YES;
				CLANG_WARN_INFINITE_RECURSION = YES;
				CLANG_WARN_INT_CONVERSION = YES;
				CLANG_WARN_NON_LITERAL_NULL_CONVERSION = YES;
				CLANG_WARN_OBJC_IMPLICIT_RETAIN_SELF = YES;
				CLANG_WARN_OBJC_LITERAL_CONVERSION = YES;
				CLANG_WARN_OBJC_ROOT_CLASS = YES_ERROR;
				CLANG_WARN_QUOTED_INCLUDE_IN_FRAMEWORK_HEADER = YES;
				CLANG_WARN_RANGE_LOOP_ANALYSIS = YES;
				CLANG_WARN_STRICT_PROTOTYPES = YES;
				CLANG_WARN_SUSPICIOUS_MOVE = YES;
				CLANG_WARN_UNGUARDED_AVAILABILITY = YES_AGGRESSIVE;
				CLANG_WARN_UNREACHABLE_CODE = YES;
				CLANG_WARN__DUPLICATE_METHOD_MATCH = YES;
				COPY_PHASE_STRIP = NO;
				DEBUG_INFORMATION_FORMAT = dwarf;
				ENABLE_STRICT_OBJC_MSGSEND = YES;
				ENABLE_TESTABILITY = YES;
				GCC_C_LANGUAGE_STANDARD = gnu11;
				GCC_DYNAMIC_NO_PIC = NO;
				GCC_NO_COMMON_BLOCKS = YES;
				GCC_OPTIMIZATION_LEVEL = 0;
				GCC_PREPROCESSOR_DEFINITIONS = (
					"DEBUG=1",
					"$(inherited)",
				);
				GCC_WARN_64_TO_32_BIT_CONVERSION = YES;
				GCC_WARN_ABOUT_RETURN_TYPE = YES_ERROR;
				GCC_WARN_UNDECLARED_SELECTOR = YES;
				GCC_WARN_UNINITIALIZED_AUTOS = YES_AGGRESSIVE;
				GCC_WARN_UNUSED_FUNCTION = YES;
				GCC_WARN_UNUSED_VARIABLE = YES;
				MACOSX_DEPLOYMENT_TARGET = 12.3;
				MTL_ENABLE_DEBUG_INFO = INCLUDE_SOURCE;
				MTL_FAST_MATH = YES;
				ONLY_ACTIVE_ARCH = YES;
				SDKROOT = macosx;
				SWIFT_ACTIVE_COMPILATION_CONDITIONS = DEBUG;
				SWIFT_OPTIMIZATION_LEVEL = "-Onone";
			};
			name = Debug;
		};
		3D1483BE28DEF48A0021C6FC /* Release */ = {
			isa = XCBuildConfiguration;
			buildSettings = {
				ALWAYS_SEARCH_USER_PATHS = NO;
				CLANG_ANALYZER_NONNULL = YES;
				CLANG_ANALYZER_NUMBER_OBJECT_CONVERSION = YES_AGGRESSIVE;
				CLANG_CXX_LANGUAGE_STANDARD = "gnu++20";
				CLANG_ENABLE_MODULES = YES;
				CLANG_ENABLE_OBJC_ARC = YES;
				CLANG_ENABLE_OBJC_WEAK = YES;
				CLANG_WARN_BLOCK_CAPTURE_AUTORELEASING = YES;
				CLANG_WARN_BOOL_CONVERSION = YES;
				CLANG_WARN_COMMA = YES;
				CLANG_WARN_CONSTANT_CONVERSION = YES;
				CLANG_WARN_DEPRECATED_OBJC_IMPLEMENTATIONS = YES;
				CLANG_WARN_DIRECT_OBJC_ISA_USAGE = YES_ERROR;
				CLANG_WARN_DOCUMENTATION_COMMENTS = YES;
				CLANG_WARN_EMPTY_BODY = YES;
				CLANG_WARN_ENUM_CONVERSION = YES;
				CLANG_WARN_INFINITE_RECURSION = YES;
				CLANG_WARN_INT_CONVERSION = YES;
				CLANG_WARN_NON_LITERAL_NULL_CONVERSION = YES;
				CLANG_WARN_OBJC_IMPLICIT_RETAIN_SELF = YES;
				CLANG_WARN_OBJC_LITERAL_CONVERSION = YES;
				CLANG_WARN_OBJC_ROOT_CLASS = YES_ERROR;
				CLANG_WARN_QUOTED_INCLUDE_IN_FRAMEWORK_HEADER = YES;
				CLANG_WARN_RANGE_LOOP_ANALYSIS = YES;
				CLANG_WARN_STRICT_PROTOTYPES = YES;
				CLANG_WARN_SUSPICIOUS_MOVE = YES;
				CLANG_WARN_UNGUARDED_AVAILABILITY = YES_AGGRESSIVE;
				CLANG_WARN_UNREACHABLE_CODE = YES;
				CLANG_WARN__DUPLICATE_METHOD_MATCH = YES;
				COPY_PHASE_STRIP = NO;
				DEBUG_INFORMATION_FORMAT = "dwarf-with-dsym";
				ENABLE_NS_ASSERTIONS = NO;
				ENABLE_STRICT_OBJC_MSGSEND = YES;
				GCC_C_LANGUAGE_STANDARD = gnu11;
				GCC_NO_COMMON_BLOCKS = YES;
				GCC_WARN_64_TO_32_BIT_CONVERSION = YES;
				GCC_WARN_ABOUT_RETURN_TYPE = YES_ERROR;
				GCC_WARN_UNDECLARED_SELECTOR = YES;
				GCC_WARN_UNINITIALIZED_AUTOS = YES_AGGRESSIVE;
				GCC_WARN_UNUSED_FUNCTION = YES;
				GCC_WARN_UNUSED_VARIABLE = YES;
				MACOSX_DEPLOYMENT_TARGET = 12.3;
				MTL_ENABLE_DEBUG_INFO = NO;
				MTL_FAST_MATH = YES;
				SDKROOT = macosx;
				SWIFT_COMPILATION_MODE = wholemodule;
				SWIFT_OPTIMIZATION_LEVEL = "-O";
			};
			name = Release;
		};
		3D1483C028DEF48A0021C6FC /* Debug */ = {
			isa = XCBuildConfiguration;
			buildSettings = {
				ASSETCATALOG_COMPILER_APPICON_NAME = AppIcon;
				ASSETCATALOG_COMPILER_GLOBAL_ACCENT_COLOR_NAME = AccentColor;
				CODE_SIGN_ENTITLEMENTS = trello/trello.entitlements;
				"CODE_SIGN_IDENTITY[sdk=macosx*]" = "Apple Development";
				CODE_SIGN_STYLE = Automatic;
				COMBINE_HIDPI_IMAGES = YES;
				CURRENT_PROJECT_VERSION = 109;
				DEVELOPMENT_ASSET_PATHS = "\"trello/Preview Content\"";
				DEVELOPMENT_TEAM = D5U62AMZ4T;
				ENABLE_PREVIEWS = YES;
				GENERATE_INFOPLIST_FILE = YES;
				INFOPLIST_FILE = trello/Info.plist;
				INFOPLIST_KEY_CFBundleDisplayName = "Native Trello";
				INFOPLIST_KEY_NSHumanReadableCopyright = "";
				LD_RUNPATH_SEARCH_PATHS = (
					"$(inherited)",
					"@executable_path/../Frameworks",
				);
				MACOSX_DEPLOYMENT_TARGET = 13.0;
				MARKETING_VERSION = 0.6;
				PRODUCT_BUNDLE_IDENTIFIER = com.rukenshia.trello;
				PRODUCT_NAME = "$(TARGET_NAME)";
				SWIFT_EMIT_LOC_STRINGS = YES;
				SWIFT_VERSION = 5.0;
			};
			name = Debug;
		};
		3D1483C128DEF48A0021C6FC /* Release */ = {
			isa = XCBuildConfiguration;
			buildSettings = {
				ASSETCATALOG_COMPILER_APPICON_NAME = AppIcon;
				ASSETCATALOG_COMPILER_GLOBAL_ACCENT_COLOR_NAME = AccentColor;
				CODE_SIGN_ENTITLEMENTS = trello/trello.entitlements;
				"CODE_SIGN_IDENTITY[sdk=macosx*]" = "Apple Development";
				CODE_SIGN_STYLE = Automatic;
				COMBINE_HIDPI_IMAGES = YES;
				CURRENT_PROJECT_VERSION = 109;
				DEVELOPMENT_ASSET_PATHS = "\"trello/Preview Content\"";
				DEVELOPMENT_TEAM = D5U62AMZ4T;
				ENABLE_PREVIEWS = YES;
				GENERATE_INFOPLIST_FILE = YES;
				INFOPLIST_FILE = trello/Info.plist;
				INFOPLIST_KEY_CFBundleDisplayName = "Native Trello";
				INFOPLIST_KEY_NSHumanReadableCopyright = "";
				LD_RUNPATH_SEARCH_PATHS = (
					"$(inherited)",
					"@executable_path/../Frameworks",
				);
				MACOSX_DEPLOYMENT_TARGET = 13.0;
				MARKETING_VERSION = 0.6;
				PRODUCT_BUNDLE_IDENTIFIER = com.rukenshia.trello;
				PRODUCT_NAME = "$(TARGET_NAME)";
				SWIFT_EMIT_LOC_STRINGS = YES;
				SWIFT_VERSION = 5.0;
			};
			name = Release;
		};
		3D1483C328DEF48A0021C6FC /* Debug */ = {
			isa = XCBuildConfiguration;
			buildSettings = {
				ALWAYS_EMBED_SWIFT_STANDARD_LIBRARIES = YES;
				BUNDLE_LOADER = "$(TEST_HOST)";
				CODE_SIGN_STYLE = Automatic;
				CURRENT_PROJECT_VERSION = 109;
				GENERATE_INFOPLIST_FILE = YES;
				MACOSX_DEPLOYMENT_TARGET = 12.3;
				MARKETING_VERSION = 1.0;
				PRODUCT_BUNDLE_IDENTIFIER = com.rukenshia.trelloTests;
				PRODUCT_NAME = "$(TARGET_NAME)";
				SWIFT_EMIT_LOC_STRINGS = NO;
				SWIFT_VERSION = 5.0;
				TEST_HOST = "$(BUILT_PRODUCTS_DIR)/trello.app/$(BUNDLE_EXECUTABLE_FOLDER_PATH)/trello";
			};
			name = Debug;
		};
		3D1483C428DEF48A0021C6FC /* Release */ = {
			isa = XCBuildConfiguration;
			buildSettings = {
				ALWAYS_EMBED_SWIFT_STANDARD_LIBRARIES = YES;
				BUNDLE_LOADER = "$(TEST_HOST)";
				CODE_SIGN_STYLE = Automatic;
				CURRENT_PROJECT_VERSION = 109;
				GENERATE_INFOPLIST_FILE = YES;
				MACOSX_DEPLOYMENT_TARGET = 12.3;
				MARKETING_VERSION = 1.0;
				PRODUCT_BUNDLE_IDENTIFIER = com.rukenshia.trelloTests;
				PRODUCT_NAME = "$(TARGET_NAME)";
				SWIFT_EMIT_LOC_STRINGS = NO;
				SWIFT_VERSION = 5.0;
				TEST_HOST = "$(BUILT_PRODUCTS_DIR)/trello.app/$(BUNDLE_EXECUTABLE_FOLDER_PATH)/trello";
			};
			name = Release;
		};
		3D1483C628DEF48A0021C6FC /* Debug */ = {
			isa = XCBuildConfiguration;
			buildSettings = {
				ALWAYS_EMBED_SWIFT_STANDARD_LIBRARIES = YES;
				CODE_SIGN_STYLE = Automatic;
				CURRENT_PROJECT_VERSION = 109;
				GENERATE_INFOPLIST_FILE = YES;
				MARKETING_VERSION = 1.0;
				PRODUCT_BUNDLE_IDENTIFIER = com.rukenshia.trelloUITests;
				PRODUCT_NAME = "$(TARGET_NAME)";
				SWIFT_EMIT_LOC_STRINGS = NO;
				SWIFT_VERSION = 5.0;
				TEST_TARGET_NAME = trello;
			};
			name = Debug;
		};
		3D1483C728DEF48A0021C6FC /* Release */ = {
			isa = XCBuildConfiguration;
			buildSettings = {
				ALWAYS_EMBED_SWIFT_STANDARD_LIBRARIES = YES;
				CODE_SIGN_STYLE = Automatic;
				CURRENT_PROJECT_VERSION = 109;
				GENERATE_INFOPLIST_FILE = YES;
				MARKETING_VERSION = 1.0;
				PRODUCT_BUNDLE_IDENTIFIER = com.rukenshia.trelloUITests;
				PRODUCT_NAME = "$(TARGET_NAME)";
				SWIFT_EMIT_LOC_STRINGS = NO;
				SWIFT_VERSION = 5.0;
				TEST_TARGET_NAME = trello;
			};
			name = Release;
		};
/* End XCBuildConfiguration section */

/* Begin XCConfigurationList section */
		3D14839528DEF4870021C6FC /* Build configuration list for PBXProject "trello" */ = {
			isa = XCConfigurationList;
			buildConfigurations = (
				3D1483BD28DEF48A0021C6FC /* Debug */,
				3D1483BE28DEF48A0021C6FC /* Release */,
			);
			defaultConfigurationIsVisible = 0;
			defaultConfigurationName = Release;
		};
		3D1483BF28DEF48A0021C6FC /* Build configuration list for PBXNativeTarget "trello" */ = {
			isa = XCConfigurationList;
			buildConfigurations = (
				3D1483C028DEF48A0021C6FC /* Debug */,
				3D1483C128DEF48A0021C6FC /* Release */,
			);
			defaultConfigurationIsVisible = 0;
			defaultConfigurationName = Release;
		};
		3D1483C228DEF48A0021C6FC /* Build configuration list for PBXNativeTarget "trelloTests" */ = {
			isa = XCConfigurationList;
			buildConfigurations = (
				3D1483C328DEF48A0021C6FC /* Debug */,
				3D1483C428DEF48A0021C6FC /* Release */,
			);
			defaultConfigurationIsVisible = 0;
			defaultConfigurationName = Release;
		};
		3D1483C528DEF48A0021C6FC /* Build configuration list for PBXNativeTarget "trelloUITests" */ = {
			isa = XCConfigurationList;
			buildConfigurations = (
				3D1483C628DEF48A0021C6FC /* Debug */,
				3D1483C728DEF48A0021C6FC /* Release */,
			);
			defaultConfigurationIsVisible = 0;
			defaultConfigurationName = Release;
		};
/* End XCConfigurationList section */

/* Begin XCRemoteSwiftPackageReference section */
		3D8470B728F996ED009FC33B /* XCRemoteSwiftPackageReference "Sparkle" */ = {
			isa = XCRemoteSwiftPackageReference;
			repositoryURL = "https://github.com/sparkle-project/Sparkle";
			requirement = {
				kind = upToNextMajorVersion;
				minimumVersion = 2.0.0;
			};
		};
		3D9FF7AA29631E9800E57C00 /* XCRemoteSwiftPackageReference "swiftui-cached-async-image" */ = {
			isa = XCRemoteSwiftPackageReference;
			repositoryURL = "https://github.com/lorenzofiamingo/swiftui-cached-async-image";
			requirement = {
				kind = upToNextMajorVersion;
				minimumVersion = 2.0.0;
			};
		};
		3DB8B90F290D49E900DC5786 /* XCRemoteSwiftPackageReference "MarkdownUI" */ = {
			isa = XCRemoteSwiftPackageReference;
			repositoryURL = "https://github.com/gonzalezreal/MarkdownUI";
			requirement = {
				branch = main;
				kind = branch;
			};
		};
		3DCE32FC2912664400E41650 /* XCRemoteSwiftPackageReference "Alamofire" */ = {
			isa = XCRemoteSwiftPackageReference;
			repositoryURL = "https://github.com/Alamofire/Alamofire";
			requirement = {
				kind = upToNextMajorVersion;
				minimumVersion = 5.0.0;
			};
		};
		3DDBD4522914FB89002E3F20 /* XCRemoteSwiftPackageReference "CodableWrappers" */ = {
			isa = XCRemoteSwiftPackageReference;
			repositoryURL = "https://github.com/GottaGetSwifty/CodableWrappers.git";
			requirement = {
				kind = upToNextMajorVersion;
				minimumVersion = 2.0.0;
			};
		};
/* End XCRemoteSwiftPackageReference section */

/* Begin XCSwiftPackageProductDependency section */
		3D488BE5290D79E40091EDBA /* Sparkle */ = {
			isa = XCSwiftPackageProductDependency;
			package = 3D8470B728F996ED009FC33B /* XCRemoteSwiftPackageReference "Sparkle" */;
			productName = Sparkle;
		};
		3D488BE7290D79E80091EDBA /* Sparkle */ = {
			isa = XCSwiftPackageProductDependency;
			package = 3D8470B728F996ED009FC33B /* XCRemoteSwiftPackageReference "Sparkle" */;
			productName = Sparkle;
		};
		3D8470B828F996ED009FC33B /* Sparkle */ = {
			isa = XCSwiftPackageProductDependency;
			package = 3D8470B728F996ED009FC33B /* XCRemoteSwiftPackageReference "Sparkle" */;
			productName = Sparkle;
		};
		3D9FF7AB29631E9800E57C00 /* CachedAsyncImage */ = {
			isa = XCSwiftPackageProductDependency;
			package = 3D9FF7AA29631E9800E57C00 /* XCRemoteSwiftPackageReference "swiftui-cached-async-image" */;
			productName = CachedAsyncImage;
		};
		3DB8B910290D49E900DC5786 /* MarkdownUI */ = {
			isa = XCSwiftPackageProductDependency;
			package = 3DB8B90F290D49E900DC5786 /* XCRemoteSwiftPackageReference "MarkdownUI" */;
			productName = MarkdownUI;
		};
		3DCE32FD2912664400E41650 /* Alamofire */ = {
			isa = XCSwiftPackageProductDependency;
			package = 3DCE32FC2912664400E41650 /* XCRemoteSwiftPackageReference "Alamofire" */;
			productName = Alamofire;
		};
		3DDBD4532914FB89002E3F20 /* CodableWrappers */ = {
			isa = XCSwiftPackageProductDependency;
			package = 3DDBD4522914FB89002E3F20 /* XCRemoteSwiftPackageReference "CodableWrappers" */;
			productName = CodableWrappers;
		};
/* End XCSwiftPackageProductDependency section */
	};
	rootObject = 3D14839228DEF4870021C6FC /* Project object */;
}
